// !$*UTF8*$!
{
	archiveVersion = 1;
	classes = {
	};
	objectVersion = 46;
	objects = {

/* Begin PBXBuildFile section */
		044DC4BC1AA99A5300EC95D1 /* main.m in Sources */ = {isa = PBXBuildFile; fileRef = 044DC4BB1AA99A5300EC95D1 /* main.m */; };
		044DC4BF1AA99A5300EC95D1 /* AppDelegate.m in Sources */ = {isa = PBXBuildFile; fileRef = 044DC4BE1AA99A5300EC95D1 /* AppDelegate.m */; };
		044DC4C21AA99A5300EC95D1 /* ViewController.m in Sources */ = {isa = PBXBuildFile; fileRef = 044DC4C11AA99A5300EC95D1 /* ViewController.m */; };
		044DC4C51AA99A5300EC95D1 /* Main.storyboard in Resources */ = {isa = PBXBuildFile; fileRef = 044DC4C31AA99A5300EC95D1 /* Main.storyboard */; };
		044DC4C71AA99A5400EC95D1 /* Images.xcassets in Resources */ = {isa = PBXBuildFile; fileRef = 044DC4C61AA99A5400EC95D1 /* Images.xcassets */; };
		044DC4CA1AA99A5400EC95D1 /* LaunchScreen.xib in Resources */ = {isa = PBXBuildFile; fileRef = 044DC4C81AA99A5400EC95D1 /* LaunchScreen.xib */; };
		044DC4D61AA99A5400EC95D1 /* waterDemoTests.m in Sources */ = {isa = PBXBuildFile; fileRef = 044DC4D51AA99A5400EC95D1 /* waterDemoTests.m */; };
		044DC4E11AA99A6900EC95D1 /* water.m in Sources */ = {isa = PBXBuildFile; fileRef = 044DC4E01AA99A6900EC95D1 /* water.m */; };
/* End PBXBuildFile section */

/* Begin PBXContainerItemProxy section */
		044DC4D01AA99A5400EC95D1 /* PBXContainerItemProxy */ = {
			isa = PBXContainerItemProxy;
			containerPortal = 044DC4AE1AA99A5300EC95D1 /* Project object */;
			proxyType = 1;
			remoteGlobalIDString = 044DC4B51AA99A5300EC95D1;
			remoteInfo = waterDemo;
		};
/* End PBXContainerItemProxy section */

/* Begin PBXFileReference section */
		044DC4B61AA99A5300EC95D1 /* waterDemo.app */ = {isa = PBXFileReference; explicitFileType = wrapper.application; includeInIndex = 0; path = waterDemo.app; sourceTree = BUILT_PRODUCTS_DIR; };
		044DC4BA1AA99A5300EC95D1 /* Info.plist */ = {isa = PBXFileReference; lastKnownFileType = text.plist.xml; path = Info.plist; sourceTree = "<group>"; };
		044DC4BB1AA99A5300EC95D1 /* main.m */ = {isa = PBXFileReference; lastKnownFileType = sourcecode.c.objc; path = main.m; sourceTree = "<group>"; };
		044DC4BD1AA99A5300EC95D1 /* AppDelegate.h */ = {isa = PBXFileReference; lastKnownFileType = sourcecode.c.h; path = AppDelegate.h; sourceTree = "<group>"; };
		044DC4BE1AA99A5300EC95D1 /* AppDelegate.m */ = {isa = PBXFileReference; lastKnownFileType = sourcecode.c.objc; path = AppDelegate.m; sourceTree = "<group>"; };
		044DC4C01AA99A5300EC95D1 /* ViewController.h */ = {isa = PBXFileReference; lastKnownFileType = sourcecode.c.h; path = ViewController.h; sourceTree = "<group>"; };
		044DC4C11AA99A5300EC95D1 /* ViewController.m */ = {isa = PBXFileReference; lastKnownFileType = sourcecode.c.objc; path = ViewController.m; sourceTree = "<group>"; };
		044DC4C41AA99A5300EC95D1 /* Base */ = {isa = PBXFileReference; lastKnownFileType = file.storyboard; name = Base; path = Base.lproj/Main.storyboard; sourceTree = "<group>"; };
		044DC4C61AA99A5400EC95D1 /* Images.xcassets */ = {isa = PBXFileReference; lastKnownFileType = folder.assetcatalog; path = Images.xcassets; sourceTree = "<group>"; };
		044DC4C91AA99A5400EC95D1 /* Base */ = {isa = PBXFileReference; lastKnownFileType = file.xib; name = Base; path = Base.lproj/LaunchScreen.xib; sourceTree = "<group>"; };
		044DC4CF1AA99A5400EC95D1 /* waterDemoTests.xctest */ = {isa = PBXFileReference; explicitFileType = wrapper.cfbundle; includeInIndex = 0; path = waterDemoTests.xctest; sourceTree = BUILT_PRODUCTS_DIR; };
		044DC4D41AA99A5400EC95D1 /* Info.plist */ = {isa = PBXFileReference; lastKnownFileType = text.plist.xml; path = Info.plist; sourceTree = "<group>"; };
		044DC4D51AA99A5400EC95D1 /* waterDemoTests.m */ = {isa = PBXFileReference; lastKnownFileType = sourcecode.c.objc; path = waterDemoTests.m; sourceTree = "<group>"; };
		044DC4DF1AA99A6900EC95D1 /* water.h */ = {isa = PBXFileReference; fileEncoding = 4; lastKnownFileType = sourcecode.c.h; path = water.h; sourceTree = "<group>"; };
		044DC4E01AA99A6900EC95D1 /* water.m */ = {isa = PBXFileReference; fileEncoding = 4; lastKnownFileType = sourcecode.c.objc; path = water.m; sourceTree = "<group>"; };
/* End PBXFileReference section */

/* Begin PBXFrameworksBuildPhase section */
		044DC4B31AA99A5300EC95D1 /* Frameworks */ = {
			isa = PBXFrameworksBuildPhase;
			buildActionMask = 2147483647;
			files = (
			);
			runOnlyForDeploymentPostprocessing = 0;
		};
		044DC4CC1AA99A5400EC95D1 /* Frameworks */ = {
			isa = PBXFrameworksBuildPhase;
			buildActionMask = 2147483647;
			files = (
			);
			runOnlyForDeploymentPostprocessing = 0;
		};
/* End PBXFrameworksBuildPhase section */

/* Begin PBXGroup section */
		044DC4AD1AA99A5300EC95D1 = {
			isa = PBXGroup;
			children = (
				044DC4B81AA99A5300EC95D1 /* waterDemo */,
				044DC4D21AA99A5400EC95D1 /* waterDemoTests */,
				044DC4B71AA99A5300EC95D1 /* Products */,
			);
			sourceTree = "<group>";
		};
		044DC4B71AA99A5300EC95D1 /* Products */ = {
			isa = PBXGroup;
			children = (
				044DC4B61AA99A5300EC95D1 /* waterDemo.app */,
				044DC4CF1AA99A5400EC95D1 /* waterDemoTests.xctest */,
			);
			name = Products;
			sourceTree = "<group>";
		};
		044DC4B81AA99A5300EC95D1 /* waterDemo */ = {
			isa = PBXGroup;
			children = (
				044DC4BD1AA99A5300EC95D1 /* AppDelegate.h */,
				044DC4BE1AA99A5300EC95D1 /* AppDelegate.m */,
				044DC4C01AA99A5300EC95D1 /* ViewController.h */,
				044DC4C11AA99A5300EC95D1 /* ViewController.m */,
				044DC4C31AA99A5300EC95D1 /* Main.storyboard */,
				044DC4DF1AA99A6900EC95D1 /* water.h */,
				044DC4E01AA99A6900EC95D1 /* water.m */,
				044DC4C61AA99A5400EC95D1 /* Images.xcassets */,
				044DC4C81AA99A5400EC95D1 /* LaunchScreen.xib */,
				044DC4B91AA99A5300EC95D1 /* Supporting Files */,
			);
			path = waterDemo;
			sourceTree = "<group>";
		};
		044DC4B91AA99A5300EC95D1 /* Supporting Files */ = {
			isa = PBXGroup;
			children = (
				044DC4BA1AA99A5300EC95D1 /* Info.plist */,
				044DC4BB1AA99A5300EC95D1 /* main.m */,
			);
			name = "Supporting Files";
			sourceTree = "<group>";
		};
		044DC4D21AA99A5400EC95D1 /* waterDemoTests */ = {
			isa = PBXGroup;
			children = (
				044DC4D51AA99A5400EC95D1 /* waterDemoTests.m */,
				044DC4D31AA99A5400EC95D1 /* Supporting Files */,
			);
			path = waterDemoTests;
			sourceTree = "<group>";
		};
		044DC4D31AA99A5400EC95D1 /* Supporting Files */ = {
			isa = PBXGroup;
			children = (
				044DC4D41AA99A5400EC95D1 /* Info.plist */,
			);
			name = "Supporting Files";
			sourceTree = "<group>";
		};
/* End PBXGroup section */

/* Begin PBXNativeTarget section */
		044DC4B51AA99A5300EC95D1 /* waterDemo */ = {
			isa = PBXNativeTarget;
			buildConfigurationList = 044DC4D91AA99A5400EC95D1 /* Build configuration list for PBXNativeTarget "waterDemo" */;
			buildPhases = (
				044DC4B21AA99A5300EC95D1 /* Sources */,
				044DC4B31AA99A5300EC95D1 /* Frameworks */,
				044DC4B41AA99A5300EC95D1 /* Resources */,
			);
			buildRules = (
			);
			dependencies = (
			);
			name = waterDemo;
			productName = waterDemo;
			productReference = 044DC4B61AA99A5300EC95D1 /* waterDemo.app */;
			productType = "com.apple.product-type.application";
		};
		044DC4CE1AA99A5400EC95D1 /* waterDemoTests */ = {
			isa = PBXNativeTarget;
			buildConfigurationList = 044DC4DC1AA99A5400EC95D1 /* Build configuration list for PBXNativeTarget "waterDemoTests" */;
			buildPhases = (
				044DC4CB1AA99A5400EC95D1 /* Sources */,
				044DC4CC1AA99A5400EC95D1 /* Frameworks */,
				044DC4CD1AA99A5400EC95D1 /* Resources */,
			);
			buildRules = (
			);
			dependencies = (
				044DC4D11AA99A5400EC95D1 /* PBXTargetDependency */,
			);
			name = waterDemoTests;
			productName = waterDemoTests;
			productReference = 044DC4CF1AA99A5400EC95D1 /* waterDemoTests.xctest */;
			productType = "com.apple.product-type.bundle.unit-test";
		};
/* End PBXNativeTarget section */

/* Begin PBXProject section */
		044DC4AE1AA99A5300EC95D1 /* Project object */ = {
			isa = PBXProject;
			attributes = {
				LastUpgradeCheck = 0610;
				ORGANIZATIONNAME = mac;
				TargetAttributes = {
					044DC4B51AA99A5300EC95D1 = {
						CreatedOnToolsVersion = 6.1;
					};
					044DC4CE1AA99A5400EC95D1 = {
						CreatedOnToolsVersion = 6.1;
						TestTargetID = 044DC4B51AA99A5300EC95D1;
					};
				};
			};
			buildConfigurationList = 044DC4B11AA99A5300EC95D1 /* Build configuration list for PBXProject "waterDemo" */;
			compatibilityVersion = "Xcode 3.2";
			developmentRegion = English;
			hasScannedForEncodings = 0;
			knownRegions = (
				en,
				Base,
			);
			mainGroup = 044DC4AD1AA99A5300EC95D1;
			productRefGroup = 044DC4B71AA99A5300EC95D1 /* Products */;
			projectDirPath = "";
			projectRoot = "";
			targets = (
				044DC4B51AA99A5300EC95D1 /* waterDemo */,
				044DC4CE1AA99A5400EC95D1 /* waterDemoTests */,
			);
		};
/* End PBXProject section */

/* Begin PBXResourcesBuildPhase section */
		044DC4B41AA99A5300EC95D1 /* Resources */ = {
			isa = PBXResourcesBuildPhase;
			buildActionMask = 2147483647;
			files = (
				044DC4C51AA99A5300EC95D1 /* Main.storyboard in Resources */,
				044DC4CA1AA99A5400EC95D1 /* LaunchScreen.xib in Resources */,
				044DC4C71AA99A5400EC95D1 /* Images.xcassets in Resources */,
			);
			runOnlyForDeploymentPostprocessing = 0;
		};
		044DC4CD1AA99A5400EC95D1 /* Resources */ = {
			isa = PBXResourcesBuildPhase;
			buildActionMask = 2147483647;
			files = (
			);
			runOnlyForDeploymentPostprocessing = 0;
		};
/* End PBXResourcesBuildPhase section */

/* Begin PBXSourcesBuildPhase section */
		044DC4B21AA99A5300EC95D1 /* Sources */ = {
			isa = PBXSourcesBuildPhase;
			buildActionMask = 2147483647;
			files = (
				044DC4C21AA99A5300EC95D1 /* ViewController.m in Sources */,
				044DC4E11AA99A6900EC95D1 /* water.m in Sources */,
				044DC4BF1AA99A5300EC95D1 /* AppDelegate.m in Sources */,
				044DC4BC1AA99A5300EC95D1 /* main.m in Sources */,
			);
			runOnlyForDeploymentPostprocessing = 0;
		};
		044DC4CB1AA99A5400EC95D1 /* Sources */ = {
			isa = PBXSourcesBuildPhase;
			buildActionMask = 2147483647;
			files = (
				044DC4D61AA99A5400EC95D1 /* waterDemoTests.m in Sources */,
			);
			runOnlyForDeploymentPostprocessing = 0;
		};
/* End PBXSourcesBuildPhase section */

/* Begin PBXTargetDependency section */
		044DC4D11AA99A5400EC95D1 /* PBXTargetDependency */ = {
			isa = PBXTargetDependency;
			target = 044DC4B51AA99A5300EC95D1 /* waterDemo */;
			targetProxy = 044DC4D01AA99A5400EC95D1 /* PBXContainerItemProxy */;
		};
/* End PBXTargetDependency section */

/* Begin PBXVariantGroup section */
		044DC4C31AA99A5300EC95D1 /* Main.storyboard */ = {
			isa = PBXVariantGroup;
			children = (
				044DC4C41AA99A5300EC95D1 /* Base */,
			);
			name = Main.storyboard;
			sourceTree = "<group>";
		};
		044DC4C81AA99A5400EC95D1 /* LaunchScreen.xib */ = {
			isa = PBXVariantGroup;
			children = (
				044DC4C91AA99A5400EC95D1 /* Base */,
			);
			name = LaunchScreen.xib;
			sourceTree = "<group>";
		};
/* End PBXVariantGroup section */

/* Begin XCBuildConfiguration section */
		044DC4D71AA99A5400EC95D1 /* Debug */ = {
			isa = XCBuildConfiguration;
			buildSettings = {
				ALWAYS_SEARCH_USER_PATHS = NO;
				CLANG_CXX_LANGUAGE_STANDARD = "gnu++0x";
				CLANG_CXX_LIBRARY = "libc++";
				CLANG_ENABLE_MODULES = YES;
				CLANG_ENABLE_OBJC_ARC = YES;
				CLANG_WARN_BOOL_CONVERSION = YES;
				CLANG_WARN_CONSTANT_CONVERSION = YES;
				CLANG_WARN_DIRECT_OBJC_ISA_USAGE = YES_ERROR;
				CLANG_WARN_EMPTY_BODY = YES;
				CLANG_WARN_ENUM_CONVERSION = YES;
				CLANG_WARN_INT_CONVERSION = YES;
				CLANG_WARN_OBJC_ROOT_CLASS = YES_ERROR;
				CLANG_WARN_UNREACHABLE_CODE = YES;
				CLANG_WARN__DUPLICATE_METHOD_MATCH = YES;
				"CODE_SIGN_IDENTITY[sdk=iphoneos*]" = "iPhone Developer";
				COPY_PHASE_STRIP = NO;
				ENABLE_STRICT_OBJC_MSGSEND = YES;
				GCC_C_LANGUAGE_STANDARD = gnu99;
				GCC_DYNAMIC_NO_PIC = NO;
				GCC_OPTIMIZATION_LEVEL = 0;
				GCC_PREPROCESSOR_DEFINITIONS = (
					"DEBUG=1",
					"$(inherited)",
				);
				GCC_SYMBOLS_PRIVATE_EXTERN = NO;
				GCC_WARN_64_TO_32_BIT_CONVERSION = YES;
				GCC_WARN_ABOUT_RETURN_TYPE = YES_ERROR;
				GCC_WARN_UNDECLARED_SELECTOR = YES;
				GCC_WARN_UNINITIALIZED_AUTOS = YES_AGGRESSIVE;
				GCC_WARN_UNUSED_FUNCTION = YES;
				GCC_WARN_UNUSED_VARIABLE = YES;
				IPHONEOS_DEPLOYMENT_TARGET = 8.1;
				MTL_ENABLE_DEBUG_INFO = YES;
				ONLY_ACTIVE_ARCH = YES;
				SDKROOT = iphoneos;
			};
			name = Debug;
		};
		044DC4D81AA99A5400EC95D1 /* Release */ = {
			isa = XCBuildConfiguration;
			buildSettings = {
				ALWAYS_SEARCH_USER_PATHS = NO;
				CLANG_CXX_LANGUAGE_STANDARD = "gnu++0x";
				CLANG_CXX_LIBRARY = "libc++";
				CLANG_ENABLE_MODULES = YES;
				CLANG_ENABLE_OBJC_ARC = YES;
				CLANG_WARN_BOOL_CONVERSION = YES;
				CLANG_WARN_CONSTANT_CONVERSION = YES;
				CLANG_WARN_DIRECT_OBJC_ISA_USAGE = YES_ERROR;
				CLANG_WARN_EMPTY_BODY = YES;
				CLANG_WARN_ENUM_CONVERSION = YES;
				CLANG_WARN_INT_CONVERSION = YES;
				CLANG_WARN_OBJC_ROOT_CLASS = YES_ERROR;
				CLANG_WARN_UNREACHABLE_CODE = YES;
				CLANG_WARN__DUPLICATE_METHOD_MATCH = YES;
				"CODE_SIGN_IDENTITY[sdk=iphoneos*]" = "iPhone Developer";
				COPY_PHASE_STRIP = YES;
				ENABLE_NS_ASSERTIONS = NO;
				ENABLE_STRICT_OBJC_MSGSEND = YES;
				GCC_C_LANGUAGE_STANDARD = gnu99;
				GCC_WARN_64_TO_32_BIT_CONVERSION = YES;
				GCC_WARN_ABOUT_RETURN_TYPE = YES_ERROR;
				GCC_WARN_UNDECLARED_SELECTOR = YES;
				GCC_WARN_UNINITIALIZED_AUTOS = YES_AGGRESSIVE;
				GCC_WARN_UNUSED_FUNCTION = YES;
				GCC_WARN_UNUSED_VARIABLE = YES;
				IPHONEOS_DEPLOYMENT_TARGET = 8.1;
				MTL_ENABLE_DEBUG_INFO = NO;
				SDKROOT = iphoneos;
				VALIDATE_PRODUCT = YES;
			};
			name = Release;
		};
		044DC4DA1AA99A5400EC95D1 /* Debug */ = {
			isa = XCBuildConfiguration;
			buildSettings = {
				ASSETCATALOG_COMPILER_APPICON_NAME = AppIcon;
				INFOPLIST_FILE = waterDemo/Info.plist;
				LD_RUNPATH_SEARCH_PATHS = "$(inherited) @executable_path/Frameworks";
				PRODUCT_NAME = "$(TARGET_NAME)";
			};
			name = Debug;
		};
		044DC4DB1AA99A5400EC95D1 /* Release */ = {
			isa = XCBuildConfiguration;
			buildSettings = {
				ASSETCATALOG_COMPILER_APPICON_NAME = AppIcon;
				INFOPLIST_FILE = waterDemo/Info.plist;
				LD_RUNPATH_SEARCH_PATHS = "$(inherited) @executable_path/Frameworks";
				PRODUCT_NAME = "$(TARGET_NAME)";
			};
			name = Release;
		};
		044DC4DD1AA99A5400EC95D1 /* Debug */ = {
			isa = XCBuildConfiguration;
			buildSettings = {
				BUNDLE_LOADER = "$(TEST_HOST)";
				FRAMEWORK_SEARCH_PATHS = (
					"$(SDKROOT)/Developer/Library/Frameworks",
					"$(inherited)",
				);
				GCC_PREPROCESSOR_DEFINITIONS = (
					"DEBUG=1",
					"$(inherited)",
				);
				INFOPLIST_FILE = waterDemoTests/Info.plist;
				LD_RUNPATH_SEARCH_PATHS = "$(inherited) @executable_path/Frameworks @loader_path/Frameworks";
				PRODUCT_NAME = "$(TARGET_NAME)";
				TEST_HOST = "$(BUILT_PRODUCTS_DIR)/waterDemo.app/waterDemo";
			};
			name = Debug;
		};
		044DC4DE1AA99A5400EC95D1 /* Release */ = {
			isa = XCBuildConfiguration;
			buildSettings = {
				BUNDLE_LOADER = "$(TEST_HOST)";
				FRAMEWORK_SEARCH_PATHS = (
					"$(SDKROOT)/Developer/Library/Frameworks",
					"$(inherited)",
				);
				INFOPLIST_FILE = waterDemoTests/Info.plist;
				LD_RUNPATH_SEARCH_PATHS = "$(inherited) @executable_path/Frameworks @loader_path/Frameworks";
				PRODUCT_NAME = "$(TARGET_NAME)";
				TEST_HOST = "$(BUILT_PRODUCTS_DIR)/waterDemo.app/waterDemo";
			};
			name = Release;
		};
/* End XCBuildConfiguration section */

/* Begin XCConfigurationList section */
		044DC4B11AA99A5300EC95D1 /* Build configuration list for PBXProject "waterDemo" */ = {
			isa = XCConfigurationList;
			buildConfigurations = (
				044DC4D71AA99A5400EC95D1 /* Debug */,
				044DC4D81AA99A5400EC95D1 /* Release */,
			);
			defaultConfigurationIsVisible = 0;
			defaultConfigurationName = Release;
		};
		044DC4D91AA99A5400EC95D1 /* Build configuration list for PBXNativeTarget "waterDemo" */ = {
			isa = XCConfigurationList;
			buildConfigurations = (
				044DC4DA1AA99A5400EC95D1 /* Debug */,
				044DC4DB1AA99A5400EC95D1 /* Release */,
			);
			defaultConfigurationIsVisible = 0;
		};
		044DC4DC1AA99A5400EC95D1 /* Build configuration list for PBXNativeTarget "waterDemoTests" */ = {
			isa = XCConfigurationList;
			buildConfigurations = (
				044DC4DD1AA99A5400EC95D1 /* Debug */,
				044DC4DE1AA99A5400EC95D1 /* Release */,
			);
			defaultConfigurationIsVisible = 0;
		};
/* End XCConfigurationList section */
	};
	rootObject = 044DC4AE1AA99A5300EC95D1 /* Project object */;
}
